# This file is automatically @generated by Cargo.
# It is not intended for manual editing.
version = 3

[[package]]
name = "ShellcodeTemplate"
version = "0.1.0"
dependencies = [
 "keystone",
]

[[package]]
name = "bitflags"
version = "0.7.0"
source = "registry+https://github.com/rust-lang/crates.io-index"
checksum = "aad18937a628ec6abcd26d1489012cc0e18c21798210f491af69ded9b881106d"

[[package]]
name = "keystone"
version = "0.9.0"
source = "registry+https://github.com/rust-lang/crates.io-index"
checksum = "0409d156f77bf2a5fc3a9f78233b0594ca5cf7a6021fa617403e6c7a2dd421fe"
dependencies = [
 "bitflags",
 "libc",
]

[[package]]
name = "libc"
version = "0.2.151"
source = "registry+https://github.com/rust-lang/crates.io-index"
checksum = "302d7ab3130588088d277783b1e2d2e10c9e9e4a16dd9050e6ec93fb3e7048f4"
